
Microsoft Visual Studio Solution File, Format Version 12.00
# Visual Studio Version 17
VisualStudioVersion = 17.8.34330.188
MinimumVisualStudioVersion = 10.0.40219.1
Project("{9A19103F-16F7-4668-BE54-9A1E7A4F7556}") = "nulic", "nulic\nulic.csproj", "{2D48793F-007F-4793-AE74-048E0175FFC9}"
EndProject
Project("{2150E333-8FDC-42A3-9474-1A3956D46DE8}") = "testprojects", "testprojects", "{6FFB9344-9EC5-46BD-8BA0-CB01C1DA079C}"
EndProject
Project("{8BC9CEB8-8B4A-11D0-8D11-00A0C91BC942}") = "cpplib_with_nuget", "testprojects\cpplib_with_nuget\cpplib_with_nuget.vcxproj", "{4DA45112-DA3F-43C8-BD72-FD276AD757C6}"
EndProject
Project("{8BC9CEB8-8B4A-11D0-8D11-00A0C91BC942}") = "cppapp_no_nuget", "testprojects\cppapp_no_nuget\cppapp_no_nuget.vcxproj", "{AA057B18-E72B-4C15-8DAC-281C0892AD68}"
EndProject
Project("{9A19103F-16F7-4668-BE54-9A1E7A4F7556}") = "netlib_with_nuget", "testprojects\netlib_with_nuget\netlib_with_nuget.csproj", "{3714A3F5-D0CE-44DF-B5A7-EF42912B2BF5}"
EndProject
Project("{FAE04EC0-301F-11D3-BF4B-00C04F79EFBC}") = "netfxlib_with_nuget", "testprojects\netfxlib_with_nuget\netfxlib_with_nuget.csproj", "{2D797F82-2DE3-44C3-A56C-CF6AC201FB3C}"
EndProject
Project("{9A19103F-16F7-4668-BE54-9A1E7A4F7556}") = "netapp_no_nuget", "testprojects\netapp_no_nuget\netapp_no_nuget.csproj", "{07D7EF7B-64DC-4EA4-899B-F29667313B38}"
EndProject
Project("{9A19103F-16F7-4668-BE54-9A1E7A4F7556}") = "unit_tests", "testprojects\unit_tests\unit_tests.csproj", "{6507390F-A9ED-4D61-8708-ADB675522E15}"
EndProject
Project("{2150E333-8FDC-42A3-9474-1A3956D46DE8}") = "Solution Items", "Solution Items", "{365BF3B9-352F-41D7-8A8B-30BF5A5F57C1}"
	ProjectSection(SolutionItems) = preProject
		.editorconfig = .editorconfig
		.gitignore = .gitignore
		README.md = README.md
	EndProjectSection
EndProject
Global
	GlobalSection(SolutionConfigurationPlatforms) = preSolution
		Debug|Any CPU = Debug|Any CPU
		Debug|x64 = Debug|x64
		Debug|x86 = Debug|x86
		Release|Any CPU = Release|Any CPU
		Release|x64 = Release|x64
		Release|x86 = Release|x86
	EndGlobalSection
	GlobalSection(ProjectConfigurationPlatforms) = postSolution
		{2D48793F-007F-4793-AE74-048E0175FFC9}.Debug|Any CPU.ActiveCfg = Debug|Any CPU
		{2D48793F-007F-4793-AE74-048E0175FFC9}.Debug|Any CPU.Build.0 = Debug|Any CPU
		{2D48793F-007F-4793-AE74-048E0175FFC9}.Debug|x64.ActiveCfg = Debug|Any CPU
		{2D48793F-007F-4793-AE74-048E0175FFC9}.Debug|x64.Build.0 = Debug|Any CPU
		{2D48793F-007F-4793-AE74-048E0175FFC9}.Debug|x86.ActiveCfg = Debug|Any CPU
		{2D48793F-007F-4793-AE74-048E0175FFC9}.Debug|x86.Build.0 = Debug|Any CPU
		{2D48793F-007F-4793-AE74-048E0175FFC9}.Release|Any CPU.ActiveCfg = Release|Any CPU
		{2D48793F-007F-4793-AE74-048E0175FFC9}.Release|Any CPU.Build.0 = Release|Any CPU
		{2D48793F-007F-4793-AE74-048E0175FFC9}.Release|x64.ActiveCfg = Release|Any CPU
		{2D48793F-007F-4793-AE74-048E0175FFC9}.Release|x64.Build.0 = Release|Any CPU
		{2D48793F-007F-4793-AE74-048E0175FFC9}.Release|x86.ActiveCfg = Release|Any CPU
		{2D48793F-007F-4793-AE74-048E0175FFC9}.Release|x86.Build.0 = Release|Any CPU
		{4DA45112-DA3F-43C8-BD72-FD276AD757C6}.Debug|Any CPU.ActiveCfg = Debug|x64
		{4DA45112-DA3F-43C8-BD72-FD276AD757C6}.Debug|Any CPU.Build.0 = Debug|x64
		{4DA45112-DA3F-43C8-BD72-FD276AD757C6}.Debug|x64.ActiveCfg = Debug|x64
		{4DA45112-DA3F-43C8-BD72-FD276AD757C6}.Debug|x64.Build.0 = Debug|x64
		{4DA45112-DA3F-43C8-BD72-FD276AD757C6}.Debug|x86.ActiveCfg = Debug|Win32
		{4DA45112-DA3F-43C8-BD72-FD276AD757C6}.Debug|x86.Build.0 = Debug|Win32
		{4DA45112-DA3F-43C8-BD72-FD276AD757C6}.Release|Any CPU.ActiveCfg = Release|x64
		{4DA45112-DA3F-43C8-BD72-FD276AD757C6}.Release|Any CPU.Build.0 = Release|x64
		{4DA45112-DA3F-43C8-BD72-FD276AD757C6}.Release|x64.ActiveCfg = Release|x64
		{4DA45112-DA3F-43C8-BD72-FD276AD757C6}.Release|x64.Build.0 = Release|x64
		{4DA45112-DA3F-43C8-BD72-FD276AD757C6}.Release|x86.ActiveCfg = Release|Win32
		{4DA45112-DA3F-43C8-BD72-FD276AD757C6}.Release|x86.Build.0 = Release|Win32
		{AA057B18-E72B-4C15-8DAC-281C0892AD68}.Debug|Any CPU.ActiveCfg = Debug|x64
		{AA057B18-E72B-4C15-8DAC-281C0892AD68}.Debug|Any CPU.Build.0 = Debug|x64
		{AA057B18-E72B-4C15-8DAC-281C0892AD68}.Debug|x64.ActiveCfg = Debug|x64
		{AA057B18-E72B-4C15-8DAC-281C0892AD68}.Debug|x64.Build.0 = Debug|x64
		{AA057B18-E72B-4C15-8DAC-281C0892AD68}.Debug|x86.ActiveCfg = Debug|Win32
		{AA057B18-E72B-4C15-8DAC-281C0892AD68}.Debug|x86.Build.0 = Debug|Win32
		{AA057B18-E72B-4C15-8DAC-281C0892AD68}.Release|Any CPU.ActiveCfg = Release|x64
		{AA057B18-E72B-4C15-8DAC-281C0892AD68}.Release|Any CPU.Build.0 = Release|x64
		{AA057B18-E72B-4C15-8DAC-281C0892AD68}.Release|x64.ActiveCfg = Release|x64
		{AA057B18-E72B-4C15-8DAC-281C0892AD68}.Release|x64.Build.0 = Release|x64
		{AA057B18-E72B-4C15-8DAC-281C0892AD68}.Release|x86.ActiveCfg = Release|Win32
		{AA057B18-E72B-4C15-8DAC-281C0892AD68}.Release|x86.Build.0 = Release|Win32
		{3714A3F5-D0CE-44DF-B5A7-EF42912B2BF5}.Debug|Any CPU.ActiveCfg = Debug|Any CPU
		{3714A3F5-D0CE-44DF-B5A7-EF42912B2BF5}.Debug|Any CPU.Build.0 = Debug|Any CPU
		{3714A3F5-D0CE-44DF-B5A7-EF42912B2BF5}.Debug|x64.ActiveCfg = Debug|Any CPU
		{3714A3F5-D0CE-44DF-B5A7-EF42912B2BF5}.Debug|x64.Build.0 = Debug|Any CPU
		{3714A3F5-D0CE-44DF-B5A7-EF42912B2BF5}.Debug|x86.ActiveCfg = Debug|Any CPU
		{3714A3F5-D0CE-44DF-B5A7-EF42912B2BF5}.Debug|x86.Build.0 = Debug|Any CPU
		{3714A3F5-D0CE-44DF-B5A7-EF42912B2BF5}.Release|Any CPU.ActiveCfg = Release|Any CPU
		{3714A3F5-D0CE-44DF-B5A7-EF42912B2BF5}.Release|Any CPU.Build.0 = Release|Any CPU
		{3714A3F5-D0CE-44DF-B5A7-EF42912B2BF5}.Release|x64.ActiveCfg = Release|Any CPU
		{3714A3F5-D0CE-44DF-B5A7-EF42912B2BF5}.Release|x64.Build.0 = Release|Any CPU
		{3714A3F5-D0CE-44DF-B5A7-EF42912B2BF5}.Release|x86.ActiveCfg = Release|Any CPU
		{3714A3F5-D0CE-44DF-B5A7-EF42912B2BF5}.Release|x86.Build.0 = Release|Any CPU
		{2D797F82-2DE3-44C3-A56C-CF6AC201FB3C}.Debug|Any CPU.ActiveCfg = Debug|Any CPU
		{2D797F82-2DE3-44C3-A56C-CF6AC201FB3C}.Debug|Any CPU.Build.0 = Debug|Any CPU
		{2D797F82-2DE3-44C3-A56C-CF6AC201FB3C}.Debug|x64.ActiveCfg = Debug|Any CPU
		{2D797F82-2DE3-44C3-A56C-CF6AC201FB3C}.Debug|x64.Build.0 = Debug|Any CPU
		{2D797F82-2DE3-44C3-A56C-CF6AC201FB3C}.Debug|x86.ActiveCfg = Debug|Any CPU
		{2D797F82-2DE3-44C3-A56C-CF6AC201FB3C}.Debug|x86.Build.0 = Debug|Any CPU
		{2D797F82-2DE3-44C3-A56C-CF6AC201FB3C}.Release|Any CPU.ActiveCfg = Release|Any CPU
		{2D797F82-2DE3-44C3-A56C-CF6AC201FB3C}.Release|Any CPU.Build.0 = Release|Any CPU
		{2D797F82-2DE3-44C3-A56C-CF6AC201FB3C}.Release|x64.ActiveCfg = Release|Any CPU
		{2D797F82-2DE3-44C3-A56C-CF6AC201FB3C}.Release|x64.Build.0 = Release|Any CPU
		{2D797F82-2DE3-44C3-A56C-CF6AC201FB3C}.Release|x86.ActiveCfg = Release|Any CPU
		{2D797F82-2DE3-44C3-A56C-CF6AC201FB3C}.Release|x86.Build.0 = Release|Any CPU
		{07D7EF7B-64DC-4EA4-899B-F29667313B38}.Debug|Any CPU.ActiveCfg = Debug|Any CPU
		{07D7EF7B-64DC-4EA4-899B-F29667313B38}.Debug|Any CPU.Build.0 = Debug|Any CPU
		{07D7EF7B-64DC-4EA4-899B-F29667313B38}.Debug|x64.ActiveCfg = Debug|Any CPU
		{07D7EF7B-64DC-4EA4-899B-F29667313B38}.Debug|x64.Build.0 = Debug|Any CPU
		{07D7EF7B-64DC-4EA4-899B-F29667313B38}.Debug|x86.ActiveCfg = Debug|Any CPU
		{07D7EF7B-64DC-4EA4-899B-F29667313B38}.Debug|x86.Build.0 = Debug|Any CPU
		{07D7EF7B-64DC-4EA4-899B-F29667313B38}.Release|Any CPU.ActiveCfg = Release|Any CPU
		{07D7EF7B-64DC-4EA4-899B-F29667313B38}.Release|Any CPU.Build.0 = Release|Any CPU
		{07D7EF7B-64DC-4EA4-899B-F29667313B38}.Release|x64.ActiveCfg = Release|Any CPU
		{07D7EF7B-64DC-4EA4-899B-F29667313B38}.Release|x64.Build.0 = Release|Any CPU
		{07D7EF7B-64DC-4EA4-899B-F29667313B38}.Release|x86.ActiveCfg = Release|Any CPU
		{07D7EF7B-64DC-4EA4-899B-F29667313B38}.Release|x86.Build.0 = Release|Any CPU
		{6507390F-A9ED-4D61-8708-ADB675522E15}.Debug|Any CPU.ActiveCfg = Debug|Any CPU
		{6507390F-A9ED-4D61-8708-ADB675522E15}.Debug|Any CPU.Build.0 = Debug|Any CPU
		{6507390F-A9ED-4D61-8708-ADB675522E15}.Debug|x64.ActiveCfg = Debug|Any CPU
		{6507390F-A9ED-4D61-8708-ADB675522E15}.Debug|x64.Build.0 = Debug|Any CPU
		{6507390F-A9ED-4D61-8708-ADB675522E15}.Debug|x86.ActiveCfg = Debug|Any CPU
		{6507390F-A9ED-4D61-8708-ADB675522E15}.Debug|x86.Build.0 = Debug|Any CPU
		{6507390F-A9ED-4D61-8708-ADB675522E15}.Release|Any CPU.ActiveCfg = Release|Any CPU
		{6507390F-A9ED-4D61-8708-ADB675522E15}.Release|Any CPU.Build.0 = Release|Any CPU
		{6507390F-A9ED-4D61-8708-ADB675522E15}.Release|x64.ActiveCfg = Release|Any CPU
		{6507390F-A9ED-4D61-8708-ADB675522E15}.Release|x64.Build.0 = Release|Any CPU
		{6507390F-A9ED-4D61-8708-ADB675522E15}.Release|x86.ActiveCfg = Release|Any CPU
		{6507390F-A9ED-4D61-8708-ADB675522E15}.Release|x86.Build.0 = Release|Any CPU
	EndGlobalSection
	GlobalSection(SolutionProperties) = preSolution
		HideSolutionNode = FALSE
	EndGlobalSection
	GlobalSection(NestedProjects) = preSolution
		{4DA45112-DA3F-43C8-BD72-FD276AD757C6} = {6FFB9344-9EC5-46BD-8BA0-CB01C1DA079C}
		{AA057B18-E72B-4C15-8DAC-281C0892AD68} = {6FFB9344-9EC5-46BD-8BA0-CB01C1DA079C}
		{3714A3F5-D0CE-44DF-B5A7-EF42912B2BF5} = {6FFB9344-9EC5-46BD-8BA0-CB01C1DA079C}
		{2D797F82-2DE3-44C3-A56C-CF6AC201FB3C} = {6FFB9344-9EC5-46BD-8BA0-CB01C1DA079C}
		{07D7EF7B-64DC-4EA4-899B-F29667313B38} = {6FFB9344-9EC5-46BD-8BA0-CB01C1DA079C}
		{6507390F-A9ED-4D61-8708-ADB675522E15} = {6FFB9344-9EC5-46BD-8BA0-CB01C1DA079C}
	EndGlobalSection
	GlobalSection(ExtensibilityGlobals) = postSolution
		SolutionGuid = {9C3A84F9-BDB5-4164-A7CC-781C0B035648}
	EndGlobalSection
EndGlobal
